// !$*UTF8*$!
{
	archiveVersion = 1;
	classes = {
	};
	objectVersion = 56;
	objects = {

/* Begin PBXBuildFile section */
		5FD5CC29DBFC190CD0107E5F /* Pods_Instagram.framework in Frameworks */ = {isa = PBXBuildFile; fileRef = A2B5424165982E48E2967661 /* Pods_Instagram.framework */; };
		CF226E692BF19BB7001EAB98 /* AppDelegate.swift in Sources */ = {isa = PBXBuildFile; fileRef = CF226E682BF19BB7001EAB98 /* AppDelegate.swift */; };
		CF226E6B2BF19BB7001EAB98 /* SceneDelegate.swift in Sources */ = {isa = PBXBuildFile; fileRef = CF226E6A2BF19BB7001EAB98 /* SceneDelegate.swift */; };
		CF226E702BF19BB7001EAB98 /* Main.storyboard in Resources */ = {isa = PBXBuildFile; fileRef = CF226E6E2BF19BB7001EAB98 /* Main.storyboard */; };
		CF226E722BF19BB7001EAB98 /* Assets.xcassets in Resources */ = {isa = PBXBuildFile; fileRef = CF226E712BF19BB7001EAB98 /* Assets.xcassets */; };
		CF226E752BF19BB8001EAB98 /* LaunchScreen.storyboard in Resources */ = {isa = PBXBuildFile; fileRef = CF226E732BF19BB8001EAB98 /* LaunchScreen.storyboard */; };
		CF226E7D2BF19C32001EAB98 /* LoginViewController.swift in Sources */ = {isa = PBXBuildFile; fileRef = CF226E7C2BF19C32001EAB98 /* LoginViewController.swift */; };
		CF226E7F2BF19C41001EAB98 /* HomeViewController.swift in Sources */ = {isa = PBXBuildFile; fileRef = CF226E7E2BF19C41001EAB98 /* HomeViewController.swift */; };
		CF226E812BF19C50001EAB98 /* ImageSelectViewController.swift in Sources */ = {isa = PBXBuildFile; fileRef = CF226E802BF19C50001EAB98 /* ImageSelectViewController.swift */; };
		CF226E832BF19C5C001EAB98 /* PostViewController.swift in Sources */ = {isa = PBXBuildFile; fileRef = CF226E822BF19C5C001EAB98 /* PostViewController.swift */; };
		CF226E852BF19C6E001EAB98 /* SettingViewController.swift in Sources */ = {isa = PBXBuildFile; fileRef = CF226E842BF19C6E001EAB98 /* SettingViewController.swift */; };
		CF2F49752BF34E3F00597524 /* InputCommentViewController.swift in Sources */ = {isa = PBXBuildFile; fileRef = CF2F49742BF34E3F00597524 /* InputCommentViewController.swift */; };
		CF9D7E172BF19E7B00196E68 /* TabBarController.swift in Sources */ = {isa = PBXBuildFile; fileRef = CF9D7E162BF19E7B00196E68 /* TabBarController.swift */; };
		CF9D7E192BF1A03A00196E68 /* GoogleService-Info.plist in Resources */ = {isa = PBXBuildFile; fileRef = CF9D7E182BF1A03A00196E68 /* GoogleService-Info.plist */; };
		CF9D7E1B2BF1D42200196E68 /* Const.swift in Sources */ = {isa = PBXBuildFile; fileRef = CF9D7E1A2BF1D42200196E68 /* Const.swift */; };
		CF9D7E1D2BF1F5B200196E68 /* PostData.swift in Sources */ = {isa = PBXBuildFile; fileRef = CF9D7E1C2BF1F5B200196E68 /* PostData.swift */; };
		CF9D7E202BF1F5EB00196E68 /* PostTableViewCell.swift in Sources */ = {isa = PBXBuildFile; fileRef = CF9D7E1E2BF1F5EB00196E68 /* PostTableViewCell.swift */; };
		CF9D7E212BF1F5EB00196E68 /* PostTableViewCell.xib in Resources */ = {isa = PBXBuildFile; fileRef = CF9D7E1F2BF1F5EB00196E68 /* PostTableViewCell.xib */; };
/* End PBXBuildFile section */

/* Begin PBXFileReference section */
		16F7D212EEB96DD9AC175880 /* Pods-Instagram.debug.xcconfig */ = {isa = PBXFileReference; includeInIndex = 1; lastKnownFileType = text.xcconfig; name = "Pods-Instagram.debug.xcconfig"; path = "Target Support Files/Pods-Instagram/Pods-Instagram.debug.xcconfig"; sourceTree = "<group>"; };
		A2B5424165982E48E2967661 /* Pods_Instagram.framework */ = {isa = PBXFileReference; explicitFileType = wrapper.framework; includeInIndex = 0; path = Pods_Instagram.framework; sourceTree = BUILT_PRODUCTS_DIR; };
		AFA998D31FEBA7767AC7903E /* Pods-Instagram.release.xcconfig */ = {isa = PBXFileReference; includeInIndex = 1; lastKnownFileType = text.xcconfig; name = "Pods-Instagram.release.xcconfig"; path = "Target Support Files/Pods-Instagram/Pods-Instagram.release.xcconfig"; sourceTree = "<group>"; };
		CF226E652BF19BB7001EAB98 /* Instagram.app */ = {isa = PBXFileReference; explicitFileType = wrapper.application; includeInIndex = 0; path = Instagram.app; sourceTree = BUILT_PRODUCTS_DIR; };
		CF226E682BF19BB7001EAB98 /* AppDelegate.swift */ = {isa = PBXFileReference; lastKnownFileType = sourcecode.swift; path = AppDelegate.swift; sourceTree = "<group>"; };
		CF226E6A2BF19BB7001EAB98 /* SceneDelegate.swift */ = {isa = PBXFileReference; lastKnownFileType = sourcecode.swift; path = SceneDelegate.swift; sourceTree = "<group>"; };
		CF226E6F2BF19BB7001EAB98 /* Base */ = {isa = PBXFileReference; lastKnownFileType = file.storyboard; name = Base; path = Base.lproj/Main.storyboard; sourceTree = "<group>"; };
		CF226E712BF19BB7001EAB98 /* Assets.xcassets */ = {isa = PBXFileReference; lastKnownFileType = folder.assetcatalog; path = Assets.xcassets; sourceTree = "<group>"; };
		CF226E742BF19BB8001EAB98 /* Base */ = {isa = PBXFileReference; lastKnownFileType = file.storyboard; name = Base; path = Base.lproj/LaunchScreen.storyboard; sourceTree = "<group>"; };
		CF226E762BF19BB8001EAB98 /* Info.plist */ = {isa = PBXFileReference; lastKnownFileType = text.plist.xml; path = Info.plist; sourceTree = "<group>"; };
		CF226E7C2BF19C32001EAB98 /* LoginViewController.swift */ = {isa = PBXFileReference; lastKnownFileType = sourcecode.swift; path = LoginViewController.swift; sourceTree = "<group>"; };
		CF226E7E2BF19C41001EAB98 /* HomeViewController.swift */ = {isa = PBXFileReference; lastKnownFileType = sourcecode.swift; path = HomeViewController.swift; sourceTree = "<group>"; };
		CF226E802BF19C50001EAB98 /* ImageSelectViewController.swift */ = {isa = PBXFileReference; lastKnownFileType = sourcecode.swift; path = ImageSelectViewController.swift; sourceTree = "<group>"; };
		CF226E822BF19C5C001EAB98 /* PostViewController.swift */ = {isa = PBXFileReference; lastKnownFileType = sourcecode.swift; path = PostViewController.swift; sourceTree = "<group>"; };
		CF226E842BF19C6E001EAB98 /* SettingViewController.swift */ = {isa = PBXFileReference; lastKnownFileType = sourcecode.swift; path = SettingViewController.swift; sourceTree = "<group>"; };
		CF2F49742BF34E3F00597524 /* InputCommentViewController.swift */ = {isa = PBXFileReference; lastKnownFileType = sourcecode.swift; path = InputCommentViewController.swift; sourceTree = "<group>"; };
		CF9D7E162BF19E7B00196E68 /* TabBarController.swift */ = {isa = PBXFileReference; lastKnownFileType = sourcecode.swift; path = TabBarController.swift; sourceTree = "<group>"; };
		CF9D7E182BF1A03A00196E68 /* GoogleService-Info.plist */ = {isa = PBXFileReference; fileEncoding = 4; lastKnownFileType = text.plist.xml; path = "GoogleService-Info.plist"; sourceTree = "<group>"; };
		CF9D7E1A2BF1D42200196E68 /* Const.swift */ = {isa = PBXFileReference; lastKnownFileType = sourcecode.swift; path = Const.swift; sourceTree = "<group>"; };
		CF9D7E1C2BF1F5B200196E68 /* PostData.swift */ = {isa = PBXFileReference; lastKnownFileType = sourcecode.swift; path = PostData.swift; sourceTree = "<group>"; };
		CF9D7E1E2BF1F5EB00196E68 /* PostTableViewCell.swift */ = {isa = PBXFileReference; lastKnownFileType = sourcecode.swift; path = PostTableViewCell.swift; sourceTree = "<group>"; };
		CF9D7E1F2BF1F5EB00196E68 /* PostTableViewCell.xib */ = {isa = PBXFileReference; lastKnownFileType = file.xib; path = PostTableViewCell.xib; sourceTree = "<group>"; };
/* End PBXFileReference section */

/* Begin PBXFrameworksBuildPhase section */
		CF226E622BF19BB7001EAB98 /* Frameworks */ = {
			isa = PBXFrameworksBuildPhase;
			buildActionMask = 2147483647;
			files = (
				5FD5CC29DBFC190CD0107E5F /* Pods_Instagram.framework in Frameworks */,
			);
			runOnlyForDeploymentPostprocessing = 0;
		};
/* End PBXFrameworksBuildPhase section */

/* Begin PBXGroup section */
		19B9F6EC64740AF20E733324 /* Frameworks */ = {
			isa = PBXGroup;
			children = (
				A2B5424165982E48E2967661 /* Pods_Instagram.framework */,
			);
			name = Frameworks;
			sourceTree = "<group>";
		};
		CF226E5C2BF19BB7001EAB98 = {
			isa = PBXGroup;
			children = (
				CF226E672BF19BB7001EAB98 /* Instagram */,
				CF226E662BF19BB7001EAB98 /* Products */,
				E71814397413A41E0587D565 /* Pods */,
				19B9F6EC64740AF20E733324 /* Frameworks */,
			);
			sourceTree = "<group>";
		};
		CF226E662BF19BB7001EAB98 /* Products */ = {
			isa = PBXGroup;
			children = (
				CF226E652BF19BB7001EAB98 /* Instagram.app */,
			);
			name = Products;
			sourceTree = "<group>";
		};
		CF226E672BF19BB7001EAB98 /* Instagram */ = {
			isa = PBXGroup;
			children = (
				CF226E682BF19BB7001EAB98 /* AppDelegate.swift */,
				CF226E6A2BF19BB7001EAB98 /* SceneDelegate.swift */,
				CF226E7C2BF19C32001EAB98 /* LoginViewController.swift */,
				CF226E7E2BF19C41001EAB98 /* HomeViewController.swift */,
				CF226E802BF19C50001EAB98 /* ImageSelectViewController.swift */,
				CF226E822BF19C5C001EAB98 /* PostViewController.swift */,
				CF226E842BF19C6E001EAB98 /* SettingViewController.swift */,
				CF9D7E162BF19E7B00196E68 /* TabBarController.swift */,
				CF9D7E1A2BF1D42200196E68 /* Const.swift */,
				CF9D7E1C2BF1F5B200196E68 /* PostData.swift */,
				CF2F49742BF34E3F00597524 /* InputCommentViewController.swift */,
				CF9D7E1E2BF1F5EB00196E68 /* PostTableViewCell.swift */,
				CF9D7E1F2BF1F5EB00196E68 /* PostTableViewCell.xib */,
				CF226E6E2BF19BB7001EAB98 /* Main.storyboard */,
				CF226E712BF19BB7001EAB98 /* Assets.xcassets */,
				CF226E732BF19BB8001EAB98 /* LaunchScreen.storyboard */,
				CF226E762BF19BB8001EAB98 /* Info.plist */,
				CF9D7E182BF1A03A00196E68 /* GoogleService-Info.plist */,
			);
			path = Instagram;
			sourceTree = "<group>";
		};
		E71814397413A41E0587D565 /* Pods */ = {
			isa = PBXGroup;
			children = (
				16F7D212EEB96DD9AC175880 /* Pods-Instagram.debug.xcconfig */,
				AFA998D31FEBA7767AC7903E /* Pods-Instagram.release.xcconfig */,
			);
			path = Pods;
			sourceTree = "<group>";
		};
/* End PBXGroup section */

/* Begin PBXNativeTarget section */
		CF226E642BF19BB7001EAB98 /* Instagram */ = {
			isa = PBXNativeTarget;
			buildConfigurationList = CF226E792BF19BB8001EAB98 /* Build configuration list for PBXNativeTarget "Instagram" */;
			buildPhases = (
				0D809884B289FED0D85579FA /* [CP] Check Pods Manifest.lock */,
				CF226E612BF19BB7001EAB98 /* Sources */,
				CF226E622BF19BB7001EAB98 /* Frameworks */,
				CF226E632BF19BB7001EAB98 /* Resources */,
				07A455B6750E639F4D3E92BB /* [CP] Embed Pods Frameworks */,
			);
			buildRules = (
			);
			dependencies = (
			);
			name = Instagram;
			productName = Instagram;
			productReference = CF226E652BF19BB7001EAB98 /* Instagram.app */;
			productType = "com.apple.product-type.application";
		};
/* End PBXNativeTarget section */

/* Begin PBXProject section */
		CF226E5D2BF19BB7001EAB98 /* Project object */ = {
			isa = PBXProject;
			attributes = {
				BuildIndependentTargetsInParallel = 1;
				LastSwiftUpdateCheck = 1510;
				LastUpgradeCheck = 1510;
				TargetAttributes = {
					CF226E642BF19BB7001EAB98 = {
						CreatedOnToolsVersion = 15.1;
					};
				};
			};
			buildConfigurationList = CF226E602BF19BB7001EAB98 /* Build configuration list for PBXProject "Instagram" */;
			compatibilityVersion = "Xcode 14.0";
			developmentRegion = en;
			hasScannedForEncodings = 0;
			knownRegions = (
				en,
				Base,
			);
			mainGroup = CF226E5C2BF19BB7001EAB98;
			productRefGroup = CF226E662BF19BB7001EAB98 /* Products */;
			projectDirPath = "";
			projectRoot = "";
			targets = (
				CF226E642BF19BB7001EAB98 /* Instagram */,
			);
		};
/* End PBXProject section */

/* Begin PBXResourcesBuildPhase section */
		CF226E632BF19BB7001EAB98 /* Resources */ = {
			isa = PBXResourcesBuildPhase;
			buildActionMask = 2147483647;
			files = (
				CF226E752BF19BB8001EAB98 /* LaunchScreen.storyboard in Resources */,
				CF9D7E212BF1F5EB00196E68 /* PostTableViewCell.xib in Resources */,
				CF9D7E192BF1A03A00196E68 /* GoogleService-Info.plist in Resources */,
				CF226E722BF19BB7001EAB98 /* Assets.xcassets in Resources */,
				CF226E702BF19BB7001EAB98 /* Main.storyboard in Resources */,
			);
			runOnlyForDeploymentPostprocessing = 0;
		};
/* End PBXResourcesBuildPhase section */

/* Begin PBXShellScriptBuildPhase section */
		07A455B6750E639F4D3E92BB /* [CP] Embed Pods Frameworks */ = {
			isa = PBXShellScriptBuildPhase;
			buildActionMask = 2147483647;
			files = (
			);
			inputFileListPaths = (
				"${PODS_ROOT}/Target Support Files/Pods-Instagram/Pods-Instagram-frameworks-${CONFIGURATION}-input-files.xcfilelist",
			);
			name = "[CP] Embed Pods Frameworks";
			outputFileListPaths = (
				"${PODS_ROOT}/Target Support Files/Pods-Instagram/Pods-Instagram-frameworks-${CONFIGURATION}-output-files.xcfilelist",
			);
			runOnlyForDeploymentPostprocessing = 0;
			shellPath = /bin/sh;
			shellScript = "\"${PODS_ROOT}/Target Support Files/Pods-Instagram/Pods-Instagram-frameworks.sh\"\n";
			showEnvVarsInLog = 0;
		};
		0D809884B289FED0D85579FA /* [CP] Check Pods Manifest.lock */ = {
			isa = PBXShellScriptBuildPhase;
			buildActionMask = 2147483647;
			files = (
			);
			inputFileListPaths = (
			);
			inputPaths = (
				"${PODS_PODFILE_DIR_PATH}/Podfile.lock",
				"${PODS_ROOT}/Manifest.lock",
			);
			name = "[CP] Check Pods Manifest.lock";
			outputFileListPaths = (
			);
			outputPaths = (
				"$(DERIVED_FILE_DIR)/Pods-Instagram-checkManifestLockResult.txt",
			);
			runOnlyForDeploymentPostprocessing = 0;
			shellPath = /bin/sh;
			shellScript = "diff \"${PODS_PODFILE_DIR_PATH}/Podfile.lock\" \"${PODS_ROOT}/Manifest.lock\" > /dev/null\nif [ $? != 0 ] ; then\n    # print error to STDERR\n    echo \"error: The sandbox is not in sync with the Podfile.lock. Run 'pod install' or update your CocoaPods installation.\" >&2\n    exit 1\nfi\n# This output is used by Xcode 'outputs' to avoid re-running this script phase.\necho \"SUCCESS\" > \"${SCRIPT_OUTPUT_FILE_0}\"\n";
			showEnvVarsInLog = 0;
		};
/* End PBXShellScriptBuildPhase section */

/* Begin PBXSourcesBuildPhase section */
		CF226E612BF19BB7001EAB98 /* Sources */ = {
			isa = PBXSourcesBuildPhase;
			buildActionMask = 2147483647;
			files = (
				CF9D7E202BF1F5EB00196E68 /* PostTableViewCell.swift in Sources */,
				CF226E812BF19C50001EAB98 /* ImageSelectViewController.swift in Sources */,
				CF9D7E172BF19E7B00196E68 /* TabBarController.swift in Sources */,
				CF226E7F2BF19C41001EAB98 /* HomeViewController.swift in Sources */,
				CF226E832BF19C5C001EAB98 /* PostViewController.swift in Sources */,
				CF226E852BF19C6E001EAB98 /* SettingViewController.swift in Sources */,
				CF9D7E1D2BF1F5B200196E68 /* PostData.swift in Sources */,
				CF226E7D2BF19C32001EAB98 /* LoginViewController.swift in Sources */,
				CF226E692BF19BB7001EAB98 /* AppDelegate.swift in Sources */,
				CF226E6B2BF19BB7001EAB98 /* SceneDelegate.swift in Sources */,
				CF2F49752BF34E3F00597524 /* InputCommentViewController.swift in Sources */,
				CF9D7E1B2BF1D42200196E68 /* Const.swift in Sources */,
			);
			runOnlyForDeploymentPostprocessing = 0;
		};
/* End PBXSourcesBuildPhase section */

/* Begin PBXVariantGroup section */
		CF226E6E2BF19BB7001EAB98 /* Main.storyboard */ = {
			isa = PBXVariantGroup;
			children = (
				CF226E6F2BF19BB7001EAB98 /* Base */,
			);
			name = Main.storyboard;
			sourceTree = "<group>";
		};
		CF226E732BF19BB8001EAB98 /* LaunchScreen.storyboard */ = {
			isa = PBXVariantGroup;
			children = (
				CF226E742BF19BB8001EAB98 /* Base */,
			);
			name = LaunchScreen.storyboard;
			sourceTree = "<group>";
		};
/* End PBXVariantGroup section */

/* Begin XCBuildConfiguration section */
		CF226E772BF19BB8001EAB98 /* Debug */ = {
			isa = XCBuildConfiguration;
			buildSettings = {
				ALWAYS_SEARCH_USER_PATHS = NO;
				ASSETCATALOG_COMPILER_GENERATE_SWIFT_ASSET_SYMBOL_EXTENSIONS = YES;
				CLANG_ANALYZER_NONNULL = YES;
				CLANG_ANALYZER_NUMBER_OBJECT_CONVERSION = YES_AGGRESSIVE;
				CLANG_CXX_LANGUAGE_STANDARD = "gnu++20";
				CLANG_ENABLE_MODULES = YES;
				CLANG_ENABLE_OBJC_ARC = YES;
				CLANG_ENABLE_OBJC_WEAK = YES;
				CLANG_WARN_BLOCK_CAPTURE_AUTORELEASING = YES;
				CLANG_WARN_BOOL_CONVERSION = YES;
				CLANG_WARN_COMMA = YES;
				CLANG_WARN_CONSTANT_CONVERSION = YES;
				CLANG_WARN_DEPRECATED_OBJC_IMPLEMENTATIONS = YES;
				CLANG_WARN_DIRECT_OBJC_ISA_USAGE = YES_ERROR;
				CLANG_WARN_DOCUMENTATION_COMMENTS = YES;
				CLANG_WARN_EMPTY_BODY = YES;
				CLANG_WARN_ENUM_CONVERSION = YES;
				CLANG_WARN_INFINITE_RECURSION = YES;
				CLANG_WARN_INT_CONVERSION = YES;
				CLANG_WARN_NON_LITERAL_NULL_CONVERSION = YES;
				CLANG_WARN_OBJC_IMPLICIT_RETAIN_SELF = YES;
				CLANG_WARN_OBJC_LITERAL_CONVERSION = YES;
				CLANG_WARN_OBJC_ROOT_CLASS = YES_ERROR;
				CLANG_WARN_QUOTED_INCLUDE_IN_FRAMEWORK_HEADER = YES;
				CLANG_WARN_RANGE_LOOP_ANALYSIS = YES;
				CLANG_WARN_STRICT_PROTOTYPES = YES;
				CLANG_WARN_SUSPICIOUS_MOVE = YES;
				CLANG_WARN_UNGUARDED_AVAILABILITY = YES_AGGRESSIVE;
				CLANG_WARN_UNREACHABLE_CODE = YES;
				CLANG_WARN__DUPLICATE_METHOD_MATCH = YES;
				COPY_PHASE_STRIP = NO;
				DEBUG_INFORMATION_FORMAT = dwarf;
				ENABLE_STRICT_OBJC_MSGSEND = YES;
				ENABLE_TESTABILITY = YES;
				ENABLE_USER_SCRIPT_SANDBOXING = YES;
				GCC_C_LANGUAGE_STANDARD = gnu17;
				GCC_DYNAMIC_NO_PIC = NO;
				GCC_NO_COMMON_BLOCKS = YES;
				GCC_OPTIMIZATION_LEVEL = 0;
				GCC_PREPROCESSOR_DEFINITIONS = (
					"DEBUG=1",
					"$(inherited)",
				);
				GCC_WARN_64_TO_32_BIT_CONVERSION = YES;
				GCC_WARN_ABOUT_RETURN_TYPE = YES_ERROR;
				GCC_WARN_UNDECLARED_SELECTOR = YES;
				GCC_WARN_UNINITIALIZED_AUTOS = YES_AGGRESSIVE;
				GCC_WARN_UNUSED_FUNCTION = YES;
				GCC_WARN_UNUSED_VARIABLE = YES;
				IPHONEOS_DEPLOYMENT_TARGET = 17.2;
				LOCALIZATION_PREFERS_STRING_CATALOGS = YES;
				MTL_ENABLE_DEBUG_INFO = INCLUDE_SOURCE;
				MTL_FAST_MATH = YES;
				ONLY_ACTIVE_ARCH = YES;
				SDKROOT = iphoneos;
				SWIFT_ACTIVE_COMPILATION_CONDITIONS = "DEBUG $(inherited)";
				SWIFT_OPTIMIZATION_LEVEL = "-Onone";
			};
			name = Debug;
		};
		CF226E782BF19BB8001EAB98 /* Release */ = {
			isa = XCBuildConfiguration;
			buildSettings = {
				ALWAYS_SEARCH_USER_PATHS = NO;
				ASSETCATALOG_COMPILER_GENERATE_SWIFT_ASSET_SYMBOL_EXTENSIONS = YES;
				CLANG_ANALYZER_NONNULL = YES;
				CLANG_ANALYZER_NUMBER_OBJECT_CONVERSION = YES_AGGRESSIVE;
				CLANG_CXX_LANGUAGE_STANDARD = "gnu++20";
				CLANG_ENABLE_MODULES = YES;
				CLANG_ENABLE_OBJC_ARC = YES;
				CLANG_ENABLE_OBJC_WEAK = YES;
				CLANG_WARN_BLOCK_CAPTURE_AUTORELEASING = YES;
				CLANG_WARN_BOOL_CONVERSION = YES;
				CLANG_WARN_COMMA = YES;
				CLANG_WARN_CONSTANT_CONVERSION = YES;
				CLANG_WARN_DEPRECATED_OBJC_IMPLEMENTATIONS = YES;
				CLANG_WARN_DIRECT_OBJC_ISA_USAGE = YES_ERROR;
				CLANG_WARN_DOCUMENTATION_COMMENTS = YES;
				CLANG_WARN_EMPTY_BODY = YES;
				CLANG_WARN_ENUM_CONVERSION = YES;
				CLANG_WARN_INFINITE_RECURSION = YES;
				CLANG_WARN_INT_CONVERSION = YES;
				CLANG_WARN_NON_LITERAL_NULL_CONVERSION = YES;
				CLANG_WARN_OBJC_IMPLICIT_RETAIN_SELF = YES;
				CLANG_WARN_OBJC_LITERAL_CONVERSION = YES;
				CLANG_WARN_OBJC_ROOT_CLASS = YES_ERROR;
				CLANG_WARN_QUOTED_INCLUDE_IN_FRAMEWORK_HEADER = YES;
				CLANG_WARN_RANGE_LOOP_ANALYSIS = YES;
				CLANG_WARN_STRICT_PROTOTYPES = YES;
				CLANG_WARN_SUSPICIOUS_MOVE = YES;
				CLANG_WARN_UNGUARDED_AVAILABILITY = YES_AGGRESSIVE;
				CLANG_WARN_UNREACHABLE_CODE = YES;
				CLANG_WARN__DUPLICATE_METHOD_MATCH = YES;
				COPY_PHASE_STRIP = NO;
				DEBUG_INFORMATION_FORMAT = "dwarf-with-dsym";
				ENABLE_NS_ASSERTIONS = NO;
				ENABLE_STRICT_OBJC_MSGSEND = YES;
				ENABLE_USER_SCRIPT_SANDBOXING = YES;
				GCC_C_LANGUAGE_STANDARD = gnu17;
				GCC_NO_COMMON_BLOCKS = YES;
				GCC_WARN_64_TO_32_BIT_CONVERSION = YES;
				GCC_WARN_ABOUT_RETURN_TYPE = YES_ERROR;
				GCC_WARN_UNDECLARED_SELECTOR = YES;
				GCC_WARN_UNINITIALIZED_AUTOS = YES_AGGRESSIVE;
				GCC_WARN_UNUSED_FUNCTION = YES;
				GCC_WARN_UNUSED_VARIABLE = YES;
				IPHONEOS_DEPLOYMENT_TARGET = 17.2;
				LOCALIZATION_PREFERS_STRING_CATALOGS = YES;
				MTL_ENABLE_DEBUG_INFO = NO;
				MTL_FAST_MATH = YES;
				SDKROOT = iphoneos;
				SWIFT_COMPILATION_MODE = wholemodule;
				VALIDATE_PRODUCT = YES;
			};
			name = Release;
		};
		CF226E7A2BF19BB8001EAB98 /* Debug */ = {
			isa = XCBuildConfiguration;
			baseConfigurationReference = 16F7D212EEB96DD9AC175880 /* Pods-Instagram.debug.xcconfig */;
			buildSettings = {
				ASSETCATALOG_COMPILER_APPICON_NAME = AppIcon;
				ASSETCATALOG_COMPILER_GLOBAL_ACCENT_COLOR_NAME = AccentColor;
				CODE_SIGN_STYLE = Automatic;
				CURRENT_PROJECT_VERSION = 1;
				ENABLE_USER_SCRIPT_SANDBOXING = NO;
				GENERATE_INFOPLIST_FILE = YES;
				INFOPLIST_FILE = Instagram/Info.plist;
				INFOPLIST_KEY_NSCameraUsageDescription = "本アプリは、画像の投稿及び編集のため、カメラの使用許可を求めます。";
				INFOPLIST_KEY_UIApplicationSupportsIndirectInputEvents = YES;
				INFOPLIST_KEY_UILaunchStoryboardName = LaunchScreen;
				INFOPLIST_KEY_UIMainStoryboardFile = Main;
				INFOPLIST_KEY_UISupportedInterfaceOrientations = UIInterfaceOrientationPortrait;
				INFOPLIST_KEY_UISupportedInterfaceOrientations_iPad = "UIInterfaceOrientationLandscapeLeft UIInterfaceOrientationLandscapeRight UIInterfaceOrientationPortrait UIInterfaceOrientationPortraitUpsideDown";
				LD_RUNPATH_SEARCH_PATHS = (
					"$(inherited)",
					"@executable_path/Frameworks",
				);
				MARKETING_VERSION = 1.0;
				PRODUCT_BUNDLE_IDENTIFIER = jp.techacademy.kota.nakamura.Instagram;
				PRODUCT_NAME = "$(TARGET_NAME)";
				SUPPORTED_PLATFORMS = "iphoneos iphonesimulator";
				SUPPORTS_MACCATALYST = NO;
				SUPPORTS_MAC_DESIGNED_FOR_IPHONE_IPAD = NO;
				SWIFT_EMIT_LOC_STRINGS = YES;
				SWIFT_VERSION = 5.0;
				TARGETED_DEVICE_FAMILY = 1;
			};
			name = Debug;
		};
		CF226E7B2BF19BB8001EAB98 /* Release */ = {
			isa = XCBuildConfiguration;
			baseConfigurationReference = AFA998D31FEBA7767AC7903E /* Pods-Instagram.release.xcconfig */;
			buildSettings = {
				ASSETCATALOG_COMPILER_APPICON_NAME = AppIcon;
				ASSETCATALOG_COMPILER_GLOBAL_ACCENT_COLOR_NAME = AccentColor;
				CODE_SIGN_STYLE = Automatic;
				CURRENT_PROJECT_VERSION = 1;
				ENABLE_USER_SCRIPT_SANDBOXING = NO;
				GENERATE_INFOPLIST_FILE = YES;
				INFOPLIST_FILE = Instagram/Info.plist;
				INFOPLIST_KEY_NSCameraUsageDescription = "本アプリは、画像の投稿及び編集のため、カメラの使用許可を求めます。";
				INFOPLIST_KEY_UIApplicationSupportsIndirectInputEvents = YES;
				INFOPLIST_KEY_UILaunchStoryboardName = LaunchScreen;
				INFOPLIST_KEY_UIMainStoryboardFile = Main;
				INFOPLIST_KEY_UISupportedInterfaceOrientations = UIInterfaceOrientationPortrait;
				INFOPLIST_KEY_UISupportedInterfaceOrientations_iPad = "UIInterfaceOrientationLandscapeLeft UIInterfaceOrientationLandscapeRight UIInterfaceOrientationPortrait UIInterfaceOrientationPortraitUpsideDown";
				LD_RUNPATH_SEARCH_PATHS = (
					"$(inherited)",
					"@executable_path/Frameworks",
				);
				MARKETING_VERSION = 1.0;
				PRODUCT_BUNDLE_IDENTIFIER = jp.techacademy.kota.nakamura.Instagram;
				PRODUCT_NAME = "$(TARGET_NAME)";
				SUPPORTED_PLATFORMS = "iphoneos iphonesimulator";
				SUPPORTS_MACCATALYST = NO;
				SUPPORTS_MAC_DESIGNED_FOR_IPHONE_IPAD = NO;
				SWIFT_EMIT_LOC_STRINGS = YES;
				SWIFT_VERSION = 5.0;
				TARGETED_DEVICE_FAMILY = 1;
			};
			name = Release;
		};
/* End XCBuildConfiguration section */

/* Begin XCConfigurationList section */
		CF226E602BF19BB7001EAB98 /* Build configuration list for PBXProject "Instagram" */ = {
			isa = XCConfigurationList;
			buildConfigurations = (
				CF226E772BF19BB8001EAB98 /* Debug */,
				CF226E782BF19BB8001EAB98 /* Release */,
			);
			defaultConfigurationIsVisible = 0;
			defaultConfigurationName = Release;
		};
		CF226E792BF19BB8001EAB98 /* Build configuration list for PBXNativeTarget "Instagram" */ = {
			isa = XCConfigurationList;
			buildConfigurations = (
				CF226E7A2BF19BB8001EAB98 /* Debug */,
				CF226E7B2BF19BB8001EAB98 /* Release */,
			);
			defaultConfigurationIsVisible = 0;
			defaultConfigurationName = Release;
		};
/* End XCConfigurationList section */
	};
	rootObject = CF226E5D2BF19BB7001EAB98 /* Project object */;
}
